
Microsoft Visual Studio Solution File, Format Version 12.00
# Visual Studio Version 16
VisualStudioVersion = 16.0.31424.327
MinimumVisualStudioVersion = 10.0.40219.1
Project("{FAE04EC0-301F-11D3-BF4B-00C04F79EFBC}") = "Gestor de inventario", "Gestor de inventario\Gestor de inventario.csproj", "{3FB4DB66-CEA3-490D-AA74-AEF5F6E45EDE}"
EndProject
Global
	GlobalSection(SolutionConfigurationPlatforms) = preSolution
		Debug|Any CPU = Debug|Any CPU
		Release|Any CPU = Release|Any CPU
	EndGlobalSection
	GlobalSection(ProjectConfigurationPlatforms) = postSolution
		{3FB4DB66-CEA3-490D-AA74-AEF5F6E45EDE}.Debug|Any CPU.ActiveCfg = Debug|Any CPU
		{3FB4DB66-CEA3-490D-AA74-AEF5F6E45EDE}.Debug|Any CPU.Build.0 = Debug|Any CPU
		{3FB4DB66-CEA3-490D-AA74-AEF5F6E45EDE}.Release|Any CPU.ActiveCfg = Release|Any CPU
		{3FB4DB66-CEA3-490D-AA74-AEF5F6E45EDE}.Release|Any CPU.Build.0 = Release|Any CPU
	EndGlobalSection
	GlobalSection(SolutionProperties) = preSolution
		HideSolutionNode = FALSE
	EndGlobalSection
	GlobalSection(ExtensibilityGlobals) = postSolution
		SolutionGuid = {A03A54A5-84E4-4E05-B9C5-5D981392BFA5}
	EndGlobalSection
EndGlobal
